// !$*UTF8*$!
{
	archiveVersion = 1;
	classes = {
	};
	objectVersion = 48;
	objects = {

/* Begin PBXBuildFile section */
		888F56811FB7237000198B3B /* AppDelegate.swift in Sources */ = {isa = PBXBuildFile; fileRef = 888F56801FB7237000198B3B /* AppDelegate.swift */; };
		888F56831FB7237000198B3B /* ViewController.swift in Sources */ = {isa = PBXBuildFile; fileRef = 888F56821FB7237000198B3B /* ViewController.swift */; };
		888F56861FB7237000198B3B /* Main.storyboard in Resources */ = {isa = PBXBuildFile; fileRef = 888F56841FB7237000198B3B /* Main.storyboard */; };
		888F56881FB7237000198B3B /* Assets.xcassets in Resources */ = {isa = PBXBuildFile; fileRef = 888F56871FB7237000198B3B /* Assets.xcassets */; };
		888F568B1FB7237000198B3B /* LaunchScreen.storyboard in Resources */ = {isa = PBXBuildFile; fileRef = 888F56891FB7237000198B3B /* LaunchScreen.storyboard */; };
		888F56961FB7237000198B3B /* FilterImageAppTests.swift in Sources */ = {isa = PBXBuildFile; fileRef = 888F56951FB7237000198B3B /* FilterImageAppTests.swift */; };
		888F56A11FB7237000198B3B /* FilterImageAppUITests.swift in Sources */ = {isa = PBXBuildFile; fileRef = 888F56A01FB7237000198B3B /* FilterImageAppUITests.swift */; };
/* End PBXBuildFile section */

/* Begin PBXContainerItemProxy section */
		888F56921FB7237000198B3B /* PBXContainerItemProxy */ = {
			isa = PBXContainerItemProxy;
			containerPortal = 888F56751FB7237000198B3B /* Project object */;
			proxyType = 1;
			remoteGlobalIDString = 888F567C1FB7237000198B3B;
			remoteInfo = FilterImageApp;
		};
		888F569D1FB7237000198B3B /* PBXContainerItemProxy */ = {
			isa = PBXContainerItemProxy;
			containerPortal = 888F56751FB7237000198B3B /* Project object */;
			proxyType = 1;
			remoteGlobalIDString = 888F567C1FB7237000198B3B;
			remoteInfo = FilterImageApp;
		};
/* End PBXContainerItemProxy section */

/* Begin PBXFileReference section */
		888F567D1FB7237000198B3B /* FilterImageApp.app */ = {isa = PBXFileReference; explicitFileType = wrapper.application; includeInIndex = 0; path = FilterImageApp.app; sourceTree = BUILT_PRODUCTS_DIR; };
		888F56801FB7237000198B3B /* AppDelegate.swift */ = {isa = PBXFileReference; lastKnownFileType = sourcecode.swift; path = AppDelegate.swift; sourceTree = "<group>"; };
		888F56821FB7237000198B3B /* ViewController.swift */ = {isa = PBXFileReference; lastKnownFileType = sourcecode.swift; path = ViewController.swift; sourceTree = "<group>"; };
		888F56851FB7237000198B3B /* Base */ = {isa = PBXFileReference; lastKnownFileType = file.storyboard; name = Base; path = Base.lproj/Main.storyboard; sourceTree = "<group>"; };
		888F56871FB7237000198B3B /* Assets.xcassets */ = {isa = PBXFileReference; lastKnownFileType = folder.assetcatalog; path = Assets.xcassets; sourceTree = "<group>"; };
		888F568A1FB7237000198B3B /* Base */ = {isa = PBXFileReference; lastKnownFileType = file.storyboard; name = Base; path = Base.lproj/LaunchScreen.storyboard; sourceTree = "<group>"; };
		888F568C1FB7237000198B3B /* Info.plist */ = {isa = PBXFileReference; lastKnownFileType = text.plist.xml; path = Info.plist; sourceTree = "<group>"; };
		888F56911FB7237000198B3B /* FilterImageAppTests.xctest */ = {isa = PBXFileReference; explicitFileType = wrapper.cfbundle; includeInIndex = 0; path = FilterImageAppTests.xctest; sourceTree = BUILT_PRODUCTS_DIR; };
		888F56951FB7237000198B3B /* FilterImageAppTests.swift */ = {isa = PBXFileReference; lastKnownFileType = sourcecode.swift; path = FilterImageAppTests.swift; sourceTree = "<group>"; };
		888F56971FB7237000198B3B /* Info.plist */ = {isa = PBXFileReference; lastKnownFileType = text.plist.xml; path = Info.plist; sourceTree = "<group>"; };
		888F569C1FB7237000198B3B /* FilterImageAppUITests.xctest */ = {isa = PBXFileReference; explicitFileType = wrapper.cfbundle; includeInIndex = 0; path = FilterImageAppUITests.xctest; sourceTree = BUILT_PRODUCTS_DIR; };
		888F56A01FB7237000198B3B /* FilterImageAppUITests.swift */ = {isa = PBXFileReference; lastKnownFileType = sourcecode.swift; path = FilterImageAppUITests.swift; sourceTree = "<group>"; };
		888F56A21FB7237000198B3B /* Info.plist */ = {isa = PBXFileReference; lastKnownFileType = text.plist.xml; path = Info.plist; sourceTree = "<group>"; };
/* End PBXFileReference section */

/* Begin PBXFrameworksBuildPhase section */
		888F567A1FB7237000198B3B /* Frameworks */ = {
			isa = PBXFrameworksBuildPhase;
			buildActionMask = 2147483647;
			files = (
			);
			runOnlyForDeploymentPostprocessing = 0;
		};
		888F568E1FB7237000198B3B /* Frameworks */ = {
			isa = PBXFrameworksBuildPhase;
			buildActionMask = 2147483647;
			files = (
			);
			runOnlyForDeploymentPostprocessing = 0;
		};
		888F56991FB7237000198B3B /* Frameworks */ = {
			isa = PBXFrameworksBuildPhase;
			buildActionMask = 2147483647;
			files = (
			);
			runOnlyForDeploymentPostprocessing = 0;
		};
/* End PBXFrameworksBuildPhase section */

/* Begin PBXGroup section */
		888F56741FB7237000198B3B = {
			isa = PBXGroup;
			children = (
				888F567F1FB7237000198B3B /* FilterImageApp */,
				888F56941FB7237000198B3B /* FilterImageAppTests */,
				888F569F1FB7237000198B3B /* FilterImageAppUITests */,
				888F567E1FB7237000198B3B /* Products */,
			);
			sourceTree = "<group>";
		};
		888F567E1FB7237000198B3B /* Products */ = {
			isa = PBXGroup;
			children = (
				888F567D1FB7237000198B3B /* FilterImageApp.app */,
				888F56911FB7237000198B3B /* FilterImageAppTests.xctest */,
				888F569C1FB7237000198B3B /* FilterImageAppUITests.xctest */,
			);
			name = Products;
			sourceTree = "<group>";
		};
		888F567F1FB7237000198B3B /* FilterImageApp */ = {
			isa = PBXGroup;
			children = (
				888F56801FB7237000198B3B /* AppDelegate.swift */,
				888F56821FB7237000198B3B /* ViewController.swift */,
				888F56841FB7237000198B3B /* Main.storyboard */,
				888F56871FB7237000198B3B /* Assets.xcassets */,
				888F56891FB7237000198B3B /* LaunchScreen.storyboard */,
				888F568C1FB7237000198B3B /* Info.plist */,
			);
			path = FilterImageApp;
			sourceTree = "<group>";
		};
		888F56941FB7237000198B3B /* FilterImageAppTests */ = {
			isa = PBXGroup;
			children = (
				888F56951FB7237000198B3B /* FilterImageAppTests.swift */,
				888F56971FB7237000198B3B /* Info.plist */,
			);
			path = FilterImageAppTests;
			sourceTree = "<group>";
		};
		888F569F1FB7237000198B3B /* FilterImageAppUITests */ = {
			isa = PBXGroup;
			children = (
				888F56A01FB7237000198B3B /* FilterImageAppUITests.swift */,
				888F56A21FB7237000198B3B /* Info.plist */,
			);
			path = FilterImageAppUITests;
			sourceTree = "<group>";
		};
/* End PBXGroup section */

/* Begin PBXNativeTarget section */
		888F567C1FB7237000198B3B /* FilterImageApp */ = {
			isa = PBXNativeTarget;
			buildConfigurationList = 888F56A51FB7237000198B3B /* Build configuration list for PBXNativeTarget "FilterImageApp" */;
			buildPhases = (
				888F56791FB7237000198B3B /* Sources */,
				888F567A1FB7237000198B3B /* Frameworks */,
				888F567B1FB7237000198B3B /* Resources */,
			);
			buildRules = (
			);
			dependencies = (
			);
			name = FilterImageApp;
			productName = FilterImageApp;
			productReference = 888F567D1FB7237000198B3B /* FilterImageApp.app */;
			productType = "com.apple.product-type.application";
		};
		888F56901FB7237000198B3B /* FilterImageAppTests */ = {
			isa = PBXNativeTarget;
			buildConfigurationList = 888F56A81FB7237000198B3B /* Build configuration list for PBXNativeTarget "FilterImageAppTests" */;
			buildPhases = (
				888F568D1FB7237000198B3B /* Sources */,
				888F568E1FB7237000198B3B /* Frameworks */,
				888F568F1FB7237000198B3B /* Resources */,
			);
			buildRules = (
			);
			dependencies = (
				888F56931FB7237000198B3B /* PBXTargetDependency */,
			);
			name = FilterImageAppTests;
			productName = FilterImageAppTests;
			productReference = 888F56911FB7237000198B3B /* FilterImageAppTests.xctest */;
			productType = "com.apple.product-type.bundle.unit-test";
		};
		888F569B1FB7237000198B3B /* FilterImageAppUITests */ = {
			isa = PBXNativeTarget;
			buildConfigurationList = 888F56AB1FB7237000198B3B /* Build configuration list for PBXNativeTarget "FilterImageAppUITests" */;
			buildPhases = (
				888F56981FB7237000198B3B /* Sources */,
				888F56991FB7237000198B3B /* Frameworks */,
				888F569A1FB7237000198B3B /* Resources */,
			);
			buildRules = (
			);
			dependencies = (
				888F569E1FB7237000198B3B /* PBXTargetDependency */,
			);
			name = FilterImageAppUITests;
			productName = FilterImageAppUITests;
			productReference = 888F569C1FB7237000198B3B /* FilterImageAppUITests.xctest */;
			productType = "com.apple.product-type.bundle.ui-testing";
		};
/* End PBXNativeTarget section */

/* Begin PBXProject section */
		888F56751FB7237000198B3B /* Project object */ = {
			isa = PBXProject;
			attributes = {
				LastSwiftUpdateCheck = 0910;
				LastUpgradeCheck = 0910;
				ORGANIZATIONNAME = "Anurag kumar dwivedi";
				TargetAttributes = {
					888F567C1FB7237000198B3B = {
						CreatedOnToolsVersion = 9.1;
						ProvisioningStyle = Automatic;
					};
					888F56901FB7237000198B3B = {
						CreatedOnToolsVersion = 9.1;
						ProvisioningStyle = Automatic;
						TestTargetID = 888F567C1FB7237000198B3B;
					};
					888F569B1FB7237000198B3B = {
						CreatedOnToolsVersion = 9.1;
						ProvisioningStyle = Automatic;
						TestTargetID = 888F567C1FB7237000198B3B;
					};
				};
			};
			buildConfigurationList = 888F56781FB7237000198B3B /* Build configuration list for PBXProject "FilterImageApp" */;
			compatibilityVersion = "Xcode 8.0";
			developmentRegion = en;
			hasScannedForEncodings = 0;
			knownRegions = (
				en,
				Base,
			);
			mainGroup = 888F56741FB7237000198B3B;
			productRefGroup = 888F567E1FB7237000198B3B /* Products */;
			projectDirPath = "";
			projectRoot = "";
			targets = (
				888F567C1FB7237000198B3B /* FilterImageApp */,
				888F56901FB7237000198B3B /* FilterImageAppTests */,
				888F569B1FB7237000198B3B /* FilterImageAppUITests */,
			);
		};
/* End PBXProject section */

/* Begin PBXResourcesBuildPhase section */
		888F567B1FB7237000198B3B /* Resources */ = {
			isa = PBXResourcesBuildPhase;
			buildActionMask = 2147483647;
			files = (
				888F568B1FB7237000198B3B /* LaunchScreen.storyboard in Resources */,
				888F56881FB7237000198B3B /* Assets.xcassets in Resources */,
				888F56861FB7237000198B3B /* Main.storyboard in Resources */,
			);
			runOnlyForDeploymentPostprocessing = 0;
		};
		888F568F1FB7237000198B3B /* Resources */ = {
			isa = PBXResourcesBuildPhase;
			buildActionMask = 2147483647;
			files = (
			);
			runOnlyForDeploymentPostprocessing = 0;
		};
		888F569A1FB7237000198B3B /* Resources */ = {
			isa = PBXResourcesBuildPhase;
			buildActionMask = 2147483647;
			files = (
			);
			runOnlyForDeploymentPostprocessing = 0;
		};
/* End PBXResourcesBuildPhase section */

/* Begin PBXSourcesBuildPhase section */
		888F56791FB7237000198B3B /* Sources */ = {
			isa = PBXSourcesBuildPhase;
			buildActionMask = 2147483647;
			files = (
				888F56831FB7237000198B3B /* ViewController.swift in Sources */,
				888F56811FB7237000198B3B /* AppDelegate.swift in Sources */,
			);
			runOnlyForDeploymentPostprocessing = 0;
		};
		888F568D1FB7237000198B3B /* Sources */ = {
			isa = PBXSourcesBuildPhase;
			buildActionMask = 2147483647;
			files = (
				888F56961FB7237000198B3B /* FilterImageAppTests.swift in Sources */,
			);
			runOnlyForDeploymentPostprocessing = 0;
		};
		888F56981FB7237000198B3B /* Sources */ = {
			isa = PBXSourcesBuildPhase;
			buildActionMask = 2147483647;
			files = (
				888F56A11FB7237000198B3B /* FilterImageAppUITests.swift in Sources */,
			);
			runOnlyForDeploymentPostprocessing = 0;
		};
/* End PBXSourcesBuildPhase section */

/* Begin PBXTargetDependency section */
		888F56931FB7237000198B3B /* PBXTargetDependency */ = {
			isa = PBXTargetDependency;
			target = 888F567C1FB7237000198B3B /* FilterImageApp */;
			targetProxy = 888F56921FB7237000198B3B /* PBXContainerItemProxy */;
		};
		888F569E1FB7237000198B3B /* PBXTargetDependency */ = {
			isa = PBXTargetDependency;
			target = 888F567C1FB7237000198B3B /* FilterImageApp */;
			targetProxy = 888F569D1FB7237000198B3B /* PBXContainerItemProxy */;
		};
/* End PBXTargetDependency section */

/* Begin PBXVariantGroup section */
		888F56841FB7237000198B3B /* Main.storyboard */ = {
			isa = PBXVariantGroup;
			children = (
				888F56851FB7237000198B3B /* Base */,
			);
			name = Main.storyboard;
			sourceTree = "<group>";
		};
		888F56891FB7237000198B3B /* LaunchScreen.storyboard */ = {
			isa = PBXVariantGroup;
			children = (
				888F568A1FB7237000198B3B /* Base */,
			);
			name = LaunchScreen.storyboard;
			sourceTree = "<group>";
		};
/* End PBXVariantGroup section */

/* Begin XCBuildConfiguration section */
		888F56A31FB7237000198B3B /* Debug */ = {
			isa = XCBuildConfiguration;
			buildSettings = {
				ALWAYS_SEARCH_USER_PATHS = NO;
				CLANG_ANALYZER_NONNULL = YES;
				CLANG_ANALYZER_NUMBER_OBJECT_CONVERSION = YES_AGGRESSIVE;
				CLANG_CXX_LANGUAGE_STANDARD = "gnu++14";
				CLANG_CXX_LIBRARY = "libc++";
				CLANG_ENABLE_MODULES = YES;
				CLANG_ENABLE_OBJC_ARC = YES;
				CLANG_WARN_BLOCK_CAPTURE_AUTORELEASING = YES;
				CLANG_WARN_BOOL_CONVERSION = YES;
				CLANG_WARN_COMMA = YES;
				CLANG_WARN_CONSTANT_CONVERSION = YES;
				CLANG_WARN_DIRECT_OBJC_ISA_USAGE = YES_ERROR;
				CLANG_WARN_DOCUMENTATION_COMMENTS = YES;
				CLANG_WARN_EMPTY_BODY = YES;
				CLANG_WARN_ENUM_CONVERSION = YES;
				CLANG_WARN_INFINITE_RECURSION = YES;
				CLANG_WARN_INT_CONVERSION = YES;
				CLANG_WARN_NON_LITERAL_NULL_CONVERSION = YES;
				CLANG_WARN_OBJC_LITERAL_CONVERSION = YES;
				CLANG_WARN_OBJC_ROOT_CLASS = YES_ERROR;
				CLANG_WARN_RANGE_LOOP_ANALYSIS = YES;
				CLANG_WARN_STRICT_PROTOTYPES = YES;
				CLANG_WARN_SUSPICIOUS_MOVE = YES;
				CLANG_WARN_UNGUARDED_AVAILABILITY = YES_AGGRESSIVE;
				CLANG_WARN_UNREACHABLE_CODE = YES;
				CLANG_WARN__DUPLICATE_METHOD_MATCH = YES;
				CODE_SIGN_IDENTITY = "iPhone Developer";
				COPY_PHASE_STRIP = NO;
				DEBUG_INFORMATION_FORMAT = dwarf;
				ENABLE_STRICT_OBJC_MSGSEND = YES;
				ENABLE_TESTABILITY = YES;
				GCC_C_LANGUAGE_STANDARD = gnu11;
				GCC_DYNAMIC_NO_PIC = NO;
				GCC_NO_COMMON_BLOCKS = YES;
				GCC_OPTIMIZATION_LEVEL = 0;
				GCC_PREPROCESSOR_DEFINITIONS = (
					"DEBUG=1",
					"$(inherited)",
				);
				GCC_WARN_64_TO_32_BIT_CONVERSION = YES;
				GCC_WARN_ABOUT_RETURN_TYPE = YES_ERROR;
				GCC_WARN_UNDECLARED_SELECTOR = YES;
				GCC_WARN_UNINITIALIZED_AUTOS = YES_AGGRESSIVE;
				GCC_WARN_UNUSED_FUNCTION = YES;
				GCC_WARN_UNUSED_VARIABLE = YES;
				IPHONEOS_DEPLOYMENT_TARGET = 11.1;
				MTL_ENABLE_DEBUG_INFO = YES;
				ONLY_ACTIVE_ARCH = YES;
				SDKROOT = iphoneos;
				SWIFT_ACTIVE_COMPILATION_CONDITIONS = DEBUG;
				SWIFT_OPTIMIZATION_LEVEL = "-Onone";
			};
			name = Debug;
		};
		888F56A41FB7237000198B3B /* Release */ = {
			isa = XCBuildConfiguration;
			buildSettings = {
				ALWAYS_SEARCH_USER_PATHS = NO;
				CLANG_ANALYZER_NONNULL = YES;
				CLANG_ANALYZER_NUMBER_OBJECT_CONVERSION = YES_AGGRESSIVE;
				CLANG_CXX_LANGUAGE_STANDARD = "gnu++14";
				CLANG_CXX_LIBRARY = "libc++";
				CLANG_ENABLE_MODULES = YES;
				CLANG_ENABLE_OBJC_ARC = YES;
				CLANG_WARN_BLOCK_CAPTURE_AUTORELEASING = YES;
				CLANG_WARN_BOOL_CONVERSION = YES;
				CLANG_WARN_COMMA = YES;
				CLANG_WARN_CONSTANT_CONVERSION = YES;
				CLANG_WARN_DIRECT_OBJC_ISA_USAGE = YES_ERROR;
				CLANG_WARN_DOCUMENTATION_COMMENTS = YES;
				CLANG_WARN_EMPTY_BODY = YES;
				CLANG_WARN_ENUM_CONVERSION = YES;
				CLANG_WARN_INFINITE_RECURSION = YES;
				CLANG_WARN_INT_CONVERSION = YES;
				CLANG_WARN_NON_LITERAL_NULL_CONVERSION = YES;
				CLANG_WARN_OBJC_LITERAL_CONVERSION = YES;
				CLANG_WARN_OBJC_ROOT_CLASS = YES_ERROR;
				CLANG_WARN_RANGE_LOOP_ANALYSIS = YES;
				CLANG_WARN_STRICT_PROTOTYPES = YES;
				CLANG_WARN_SUSPICIOUS_MOVE = YES;
				CLANG_WARN_UNGUARDED_AVAILABILITY = YES_AGGRESSIVE;
				CLANG_WARN_UNREACHABLE_CODE = YES;
				CLANG_WARN__DUPLICATE_METHOD_MATCH = YES;
				CODE_SIGN_IDENTITY = "iPhone Developer";
				COPY_PHASE_STRIP = NO;
				DEBUG_INFORMATION_FORMAT = "dwarf-with-dsym";
				ENABLE_NS_ASSERTIONS = NO;
				ENABLE_STRICT_OBJC_MSGSEND = YES;
				GCC_C_LANGUAGE_STANDARD = gnu11;
				GCC_NO_COMMON_BLOCKS = YES;
				GCC_WARN_64_TO_32_BIT_CONVERSION = YES;
				GCC_WARN_ABOUT_RETURN_TYPE = YES_ERROR;
				GCC_WARN_UNDECLARED_SELECTOR = YES;
				GCC_WARN_UNINITIALIZED_AUTOS = YES_AGGRESSIVE;
				GCC_WARN_UNUSED_FUNCTION = YES;
				GCC_WARN_UNUSED_VARIABLE = YES;
				IPHONEOS_DEPLOYMENT_TARGET = 11.1;
				MTL_ENABLE_DEBUG_INFO = NO;
				SDKROOT = iphoneos;
				SWIFT_OPTIMIZATION_LEVEL = "-Owholemodule";
				VALIDATE_PRODUCT = YES;
			};
			name = Release;
		};
		888F56A61FB7237000198B3B /* Debug */ = {
			isa = XCBuildConfiguration;
			buildSettings = {
				ASSETCATALOG_COMPILER_APPICON_NAME = AppIcon;
				CODE_SIGN_STYLE = Automatic;
				INFOPLIST_FILE = FilterImageApp/Info.plist;
				LD_RUNPATH_SEARCH_PATHS = "$(inherited) @executable_path/Frameworks";
				PRODUCT_BUNDLE_IDENTIFIER = com.airpair.FilterImageApp;
				PRODUCT_NAME = "$(TARGET_NAME)";
				SWIFT_VERSION = 4.0;
				TARGETED_DEVICE_FAMILY = "1,2";
			};
			name = Debug;
		};
		888F56A71FB7237000198B3B /* Release */ = {
			isa = XCBuildConfiguration;
			buildSettings = {
				ASSETCATALOG_COMPILER_APPICON_NAME = AppIcon;
				CODE_SIGN_STYLE = Automatic;
				INFOPLIST_FILE = FilterImageApp/Info.plist;
				LD_RUNPATH_SEARCH_PATHS = "$(inherited) @executable_path/Frameworks";
				PRODUCT_BUNDLE_IDENTIFIER = com.airpair.FilterImageApp;
				PRODUCT_NAME = "$(TARGET_NAME)";
				SWIFT_VERSION = 4.0;
				TARGETED_DEVICE_FAMILY = "1,2";
			};
			name = Release;
		};
		888F56A91FB7237000198B3B /* Debug */ = {
			isa = XCBuildConfiguration;
			buildSettings = {
				ALWAYS_EMBED_SWIFT_STANDARD_LIBRARIES = YES;
				BUNDLE_LOADER = "$(TEST_HOST)";
				CODE_SIGN_STYLE = Automatic;
				INFOPLIST_FILE = FilterImageAppTests/Info.plist;
				LD_RUNPATH_SEARCH_PATHS = "$(inherited) @executable_path/Frameworks @loader_path/Frameworks";
				PRODUCT_BUNDLE_IDENTIFIER = com.airpair.FilterImageAppTests;
				PRODUCT_NAME = "$(TARGET_NAME)";
				SWIFT_VERSION = 4.0;
				TARGETED_DEVICE_FAMILY = "1,2";
				TEST_HOST = "$(BUILT_PRODUCTS_DIR)/FilterImageApp.app/FilterImageApp";
			};
			name = Debug;
		};
		888F56AA1FB7237000198B3B /* Release */ = {
			isa = XCBuildConfiguration;
			buildSettings = {
				ALWAYS_EMBED_SWIFT_STANDARD_LIBRARIES = YES;
				BUNDLE_LOADER = "$(TEST_HOST)";
				CODE_SIGN_STYLE = Automatic;
				INFOPLIST_FILE = FilterImageAppTests/Info.plist;
				LD_RUNPATH_SEARCH_PATHS = "$(inherited) @executable_path/Frameworks @loader_path/Frameworks";
				PRODUCT_BUNDLE_IDENTIFIER = com.airpair.FilterImageAppTests;
				PRODUCT_NAME = "$(TARGET_NAME)";
				SWIFT_VERSION = 4.0;
				TARGETED_DEVICE_FAMILY = "1,2";
				TEST_HOST = "$(BUILT_PRODUCTS_DIR)/FilterImageApp.app/FilterImageApp";
			};
			name = Release;
		};
		888F56AC1FB7237000198B3B /* Debug */ = {
			isa = XCBuildConfiguration;
			buildSettings = {
				ALWAYS_EMBED_SWIFT_STANDARD_LIBRARIES = YES;
				CODE_SIGN_STYLE = Automatic;
				INFOPLIST_FILE = FilterImageAppUITests/Info.plist;
				LD_RUNPATH_SEARCH_PATHS = "$(inherited) @executable_path/Frameworks @loader_path/Frameworks";
				PRODUCT_BUNDLE_IDENTIFIER = com.airpair.FilterImageAppUITests;
				PRODUCT_NAME = "$(TARGET_NAME)";
				SWIFT_VERSION = 4.0;
				TARGETED_DEVICE_FAMILY = "1,2";
				TEST_TARGET_NAME = FilterImageApp;
			};
			name = Debug;
		};
		888F56AD1FB7237000198B3B /* Release */ = {
			isa = XCBuildConfiguration;
			buildSettings = {
				ALWAYS_EMBED_SWIFT_STANDARD_LIBRARIES = YES;
				CODE_SIGN_STYLE = Automatic;
				INFOPLIST_FILE = FilterImageAppUITests/Info.plist;
				LD_RUNPATH_SEARCH_PATHS = "$(inherited) @executable_path/Frameworks @loader_path/Frameworks";
				PRODUCT_BUNDLE_IDENTIFIER = com.airpair.FilterImageAppUITests;
				PRODUCT_NAME = "$(TARGET_NAME)";
				SWIFT_VERSION = 4.0;
				TARGETED_DEVICE_FAMILY = "1,2";
				TEST_TARGET_NAME = FilterImageApp;
			};
			name = Release;
		};
/* End XCBuildConfiguration section */

/* Begin XCConfigurationList section */
		888F56781FB7237000198B3B /* Build configuration list for PBXProject "FilterImageApp" */ = {
			isa = XCConfigurationList;
			buildConfigurations = (
				888F56A31FB7237000198B3B /* Debug */,
				888F56A41FB7237000198B3B /* Release */,
			);
			defaultConfigurationIsVisible = 0;
			defaultConfigurationName = Release;
		};
		888F56A51FB7237000198B3B /* Build configuration list for PBXNativeTarget "FilterImageApp" */ = {
			isa = XCConfigurationList;
			buildConfigurations = (
				888F56A61FB7237000198B3B /* Debug */,
				888F56A71FB7237000198B3B /* Release */,
			);
			defaultConfigurationIsVisible = 0;
			defaultConfigurationName = Release;
		};
		888F56A81FB7237000198B3B /* Build configuration list for PBXNativeTarget "FilterImageAppTests" */ = {
			isa = XCConfigurationList;
			buildConfigurations = (
				888F56A91FB7237000198B3B /* Debug */,
				888F56AA1FB7237000198B3B /* Release */,
			);
			defaultConfigurationIsVisible = 0;
			defaultConfigurationName = Release;
		};
		888F56AB1FB7237000198B3B /* Build configuration list for PBXNativeTarget "FilterImageAppUITests" */ = {
			isa = XCConfigurationList;
			buildConfigurations = (
				888F56AC1FB7237000198B3B /* Debug */,
				888F56AD1FB7237000198B3B /* Release */,
			);
			defaultConfigurationIsVisible = 0;
			defaultConfigurationName = Release;
		};
/* End XCConfigurationList section */
	};
	rootObject = 888F56751FB7237000198B3B /* Project object */;
}
